
Microsoft Visual Studio Solution File, Format Version 12.00
# Visual Studio Version 17
VisualStudioVersion = 17.8.34322.80
MinimumVisualStudioVersion = 10.0.40219.1
Project("{FAE04EC0-301F-11D3-BF4B-00C04F79EFBC}") = "WebAPI_Client", "WebAPI_Client\WebAPI_Client.csproj", "{4D8F0033-8BDD-4A11-A297-C22F3B919362}"
EndProject
Global
	GlobalSection(SolutionConfigurationPlatforms) = preSolution
		Debug|Any CPU = Debug|Any CPU
		Release|Any CPU = Release|Any CPU
	EndGlobalSection
	GlobalSection(ProjectConfigurationPlatforms) = postSolution
		{4D8F0033-8BDD-4A11-A297-C22F3B919362}.Debug|Any CPU.ActiveCfg = Debug|Any CPU
		{4D8F0033-8BDD-4A11-A297-C22F3B919362}.Debug|Any CPU.Build.0 = Debug|Any CPU
		{4D8F0033-8BDD-4A11-A297-C22F3B919362}.Release|Any CPU.ActiveCfg = Release|Any CPU
		{4D8F0033-8BDD-4A11-A297-C22F3B919362}.Release|Any CPU.Build.0 = Release|Any CPU
	EndGlobalSection
	GlobalSection(SolutionProperties) = preSolution
		HideSolutionNode = FALSE
	EndGlobalSection
	GlobalSection(ExtensibilityGlobals) = postSolution
		SolutionGuid = {0D01EFED-EC8D-4870-B8F8-6E2E5ECDAB05}
	EndGlobalSection
EndGlobal
