
Microsoft Visual Studio Solution File, Format Version 12.00
# Visual Studio Version 17
VisualStudioVersion = 17.8.34322.80
MinimumVisualStudioVersion = 10.0.40219.1
Project("{FAE04EC0-301F-11D3-BF4B-00C04F79EFBC}") = "OnTapKTHP_Server", "OnTapKTHP_Server\OnTapKTHP_Server.csproj", "{763E7923-DD27-422F-86BF-9AC2623F434F}"
EndProject
Project("{FAE04EC0-301F-11D3-BF4B-00C04F79EFBC}") = "Client", "Client\Client.csproj", "{DA097A50-6DC4-4F22-B7A2-4CA4CF70CB3C}"
EndProject
Global
	GlobalSection(SolutionConfigurationPlatforms) = preSolution
		Debug|Any CPU = Debug|Any CPU
		Release|Any CPU = Release|Any CPU
	EndGlobalSection
	GlobalSection(ProjectConfigurationPlatforms) = postSolution
		{763E7923-DD27-422F-86BF-9AC2623F434F}.Debug|Any CPU.ActiveCfg = Debug|Any CPU
		{763E7923-DD27-422F-86BF-9AC2623F434F}.Debug|Any CPU.Build.0 = Debug|Any CPU
		{763E7923-DD27-422F-86BF-9AC2623F434F}.Release|Any CPU.ActiveCfg = Release|Any CPU
		{763E7923-DD27-422F-86BF-9AC2623F434F}.Release|Any CPU.Build.0 = Release|Any CPU
		{DA097A50-6DC4-4F22-B7A2-4CA4CF70CB3C}.Debug|Any CPU.ActiveCfg = Debug|Any CPU
		{DA097A50-6DC4-4F22-B7A2-4CA4CF70CB3C}.Debug|Any CPU.Build.0 = Debug|Any CPU
		{DA097A50-6DC4-4F22-B7A2-4CA4CF70CB3C}.Release|Any CPU.ActiveCfg = Release|Any CPU
		{DA097A50-6DC4-4F22-B7A2-4CA4CF70CB3C}.Release|Any CPU.Build.0 = Release|Any CPU
	EndGlobalSection
	GlobalSection(SolutionProperties) = preSolution
		HideSolutionNode = FALSE
	EndGlobalSection
	GlobalSection(ExtensibilityGlobals) = postSolution
		SolutionGuid = {07791EC8-5B7E-4BFE-88AF-D2F7629E8093}
	EndGlobalSection
EndGlobal
