
Microsoft Visual Studio Solution File, Format Version 12.00
# Visual Studio Version 17
VisualStudioVersion = 17.8.34322.80
MinimumVisualStudioVersion = 10.0.40219.1
Project("{FAE04EC0-301F-11D3-BF4B-00C04F79EFBC}") = "RestfulWeb_5", "RestfulWeb_5\RestfulWeb_5.csproj", "{72DCA5B1-874C-4D01-A9F3-158A46445816}"
EndProject
Project("{FAE04EC0-301F-11D3-BF4B-00C04F79EFBC}") = "RestfulClient_5", "RestfulClient_5\RestfulClient_5.csproj", "{323E4998-8EE0-4215-94E0-4972852EF664}"
EndProject
Global
	GlobalSection(SolutionConfigurationPlatforms) = preSolution
		Debug|Any CPU = Debug|Any CPU
		Release|Any CPU = Release|Any CPU
	EndGlobalSection
	GlobalSection(ProjectConfigurationPlatforms) = postSolution
		{72DCA5B1-874C-4D01-A9F3-158A46445816}.Debug|Any CPU.ActiveCfg = Debug|Any CPU
		{72DCA5B1-874C-4D01-A9F3-158A46445816}.Debug|Any CPU.Build.0 = Debug|Any CPU
		{72DCA5B1-874C-4D01-A9F3-158A46445816}.Release|Any CPU.ActiveCfg = Release|Any CPU
		{72DCA5B1-874C-4D01-A9F3-158A46445816}.Release|Any CPU.Build.0 = Release|Any CPU
		{323E4998-8EE0-4215-94E0-4972852EF664}.Debug|Any CPU.ActiveCfg = Debug|Any CPU
		{323E4998-8EE0-4215-94E0-4972852EF664}.Debug|Any CPU.Build.0 = Debug|Any CPU
		{323E4998-8EE0-4215-94E0-4972852EF664}.Release|Any CPU.ActiveCfg = Release|Any CPU
		{323E4998-8EE0-4215-94E0-4972852EF664}.Release|Any CPU.Build.0 = Release|Any CPU
	EndGlobalSection
	GlobalSection(SolutionProperties) = preSolution
		HideSolutionNode = FALSE
	EndGlobalSection
	GlobalSection(ExtensibilityGlobals) = postSolution
		SolutionGuid = {AF139F4F-1BD4-4F1A-AF76-B9C3C677AE67}
	EndGlobalSection
EndGlobal
