
Microsoft Visual Studio Solution File, Format Version 12.00
# Visual Studio Version 17
VisualStudioVersion = 17.8.34322.80
MinimumVisualStudioVersion = 10.0.40219.1
Project("{FAE04EC0-301F-11D3-BF4B-00C04F79EFBC}") = "RestfulWeb_1", "RestfulWeb_1\RestfulWeb_1.csproj", "{649FD2FD-A7B2-42AE-96C7-E0F76D0D3658}"
EndProject
Project("{FAE04EC0-301F-11D3-BF4B-00C04F79EFBC}") = "ResfulClient", "ResfulClient\ResfulClient.csproj", "{78D61F30-F0EA-47DF-ACE4-3CA338B03A6E}"
EndProject
Global
	GlobalSection(SolutionConfigurationPlatforms) = preSolution
		Debug|Any CPU = Debug|Any CPU
		Release|Any CPU = Release|Any CPU
	EndGlobalSection
	GlobalSection(ProjectConfigurationPlatforms) = postSolution
		{649FD2FD-A7B2-42AE-96C7-E0F76D0D3658}.Debug|Any CPU.ActiveCfg = Debug|Any CPU
		{649FD2FD-A7B2-42AE-96C7-E0F76D0D3658}.Debug|Any CPU.Build.0 = Debug|Any CPU
		{649FD2FD-A7B2-42AE-96C7-E0F76D0D3658}.Release|Any CPU.ActiveCfg = Release|Any CPU
		{649FD2FD-A7B2-42AE-96C7-E0F76D0D3658}.Release|Any CPU.Build.0 = Release|Any CPU
		{78D61F30-F0EA-47DF-ACE4-3CA338B03A6E}.Debug|Any CPU.ActiveCfg = Debug|Any CPU
		{78D61F30-F0EA-47DF-ACE4-3CA338B03A6E}.Debug|Any CPU.Build.0 = Debug|Any CPU
		{78D61F30-F0EA-47DF-ACE4-3CA338B03A6E}.Release|Any CPU.ActiveCfg = Release|Any CPU
		{78D61F30-F0EA-47DF-ACE4-3CA338B03A6E}.Release|Any CPU.Build.0 = Release|Any CPU
	EndGlobalSection
	GlobalSection(SolutionProperties) = preSolution
		HideSolutionNode = FALSE
	EndGlobalSection
	GlobalSection(ExtensibilityGlobals) = postSolution
		SolutionGuid = {B4812476-A815-49DB-9687-7177398E8B4D}
	EndGlobalSection
EndGlobal
