
Microsoft Visual Studio Solution File, Format Version 12.00
# Visual Studio Version 17
VisualStudioVersion = 17.8.34322.80
MinimumVisualStudioVersion = 10.0.40219.1
Project("{FAE04EC0-301F-11D3-BF4B-00C04F79EFBC}") = "WebAPI_Server", "WebAPI_Server\WebAPI_Server.csproj", "{1507CA95-5C29-45A9-8158-303E21BB5D9A}"
EndProject
Global
	GlobalSection(SolutionConfigurationPlatforms) = preSolution
		Debug|Any CPU = Debug|Any CPU
		Release|Any CPU = Release|Any CPU
	EndGlobalSection
	GlobalSection(ProjectConfigurationPlatforms) = postSolution
		{1507CA95-5C29-45A9-8158-303E21BB5D9A}.Debug|Any CPU.ActiveCfg = Debug|Any CPU
		{1507CA95-5C29-45A9-8158-303E21BB5D9A}.Debug|Any CPU.Build.0 = Debug|Any CPU
		{1507CA95-5C29-45A9-8158-303E21BB5D9A}.Release|Any CPU.ActiveCfg = Release|Any CPU
		{1507CA95-5C29-45A9-8158-303E21BB5D9A}.Release|Any CPU.Build.0 = Release|Any CPU
	EndGlobalSection
	GlobalSection(SolutionProperties) = preSolution
		HideSolutionNode = FALSE
	EndGlobalSection
	GlobalSection(ExtensibilityGlobals) = postSolution
		SolutionGuid = {C550A369-91B2-4239-800C-CA93631BA780}
	EndGlobalSection
EndGlobal
